
Microsoft Visual Studio Solution File, Format Version 12.00
# Visual Studio Version 16
VisualStudioVersion = 16.0.30114.105
MinimumVisualStudioVersion = 10.0.40219.1
Project("{FAE04EC0-301F-11D3-BF4B-00C04F79EFBC}") = "Condicionais", "Condicionais\Condicionais.csproj", "{56C61FE9-6CDA-4158-B417-794DA745FC11}"
EndProject
Project("{FAE04EC0-301F-11D3-BF4B-00C04F79EFBC}") = "CondicionaisDois", "CondicionaisDois\CondicionaisDois.csproj", "{34DE2017-ECAF-4565-828B-DB981F8610F2}"
EndProject
Project("{FAE04EC0-301F-11D3-BF4B-00C04F79EFBC}") = "Escopo", "Escopo\Escopo.csproj", "{2A9D42D1-B720-452C-BF4C-D39EC65D4DA4}"
EndProject
Project("{FAE04EC0-301F-11D3-BF4B-00C04F79EFBC}") = "ExercicioIR", "ExercicioIR\ExercicioIR.csproj", "{1D8DD2D4-A3F1-4806-835F-96AE2203DFDD}"
EndProject
Project("{FAE04EC0-301F-11D3-BF4B-00C04F79EFBC}") = "UsandoSwitch", "UsandoSwitch\UsandoSwitch.csproj", "{76DEDF93-D488-4E58-80FA-90F57EBB5CFD}"
EndProject
Project("{FAE04EC0-301F-11D3-BF4B-00C04F79EFBC}") = "CalculaPoupanca", "CalculaPoupanca\CalculaPoupanca.csproj", "{FDDFCB33-CAC0-483E-A718-CBE9B9652F77}"
EndProject
Project("{FAE04EC0-301F-11D3-BF4B-00C04F79EFBC}") = "CalculaPoupancaDois", "CalculaPoupancaDois\CalculaPoupancaDois.csproj", "{EFFC0E21-B145-4AA6-9A2F-B5B45C4D9925}"
EndProject
Project("{FAE04EC0-301F-11D3-BF4B-00C04F79EFBC}") = "InvestimentoLongoPrazo", "InvestimentoLongoPrazo\InvestimentoLongoPrazo.csproj", "{9ACA870A-B811-4D11-932F-2BDB2A7A86ED}"
EndProject
Project("{FAE04EC0-301F-11D3-BF4B-00C04F79EFBC}") = "MultiploDeTres", "MultiploDeTres\MultiploDeTres.csproj", "{2ACD420B-31D8-421F-B8DB-DFB842637302}"
EndProject
Global
	GlobalSection(SolutionConfigurationPlatforms) = preSolution
		Debug|Any CPU = Debug|Any CPU
		Release|Any CPU = Release|Any CPU
	EndGlobalSection
	GlobalSection(SolutionProperties) = preSolution
		HideSolutionNode = FALSE
	EndGlobalSection
	GlobalSection(ProjectConfigurationPlatforms) = postSolution
		{56C61FE9-6CDA-4158-B417-794DA745FC11}.Debug|Any CPU.ActiveCfg = Debug|Any CPU
		{56C61FE9-6CDA-4158-B417-794DA745FC11}.Debug|Any CPU.Build.0 = Debug|Any CPU
		{56C61FE9-6CDA-4158-B417-794DA745FC11}.Release|Any CPU.ActiveCfg = Release|Any CPU
		{56C61FE9-6CDA-4158-B417-794DA745FC11}.Release|Any CPU.Build.0 = Release|Any CPU
		{34DE2017-ECAF-4565-828B-DB981F8610F2}.Debug|Any CPU.ActiveCfg = Debug|Any CPU
		{34DE2017-ECAF-4565-828B-DB981F8610F2}.Debug|Any CPU.Build.0 = Debug|Any CPU
		{34DE2017-ECAF-4565-828B-DB981F8610F2}.Release|Any CPU.ActiveCfg = Release|Any CPU
		{34DE2017-ECAF-4565-828B-DB981F8610F2}.Release|Any CPU.Build.0 = Release|Any CPU
		{2A9D42D1-B720-452C-BF4C-D39EC65D4DA4}.Debug|Any CPU.ActiveCfg = Debug|Any CPU
		{2A9D42D1-B720-452C-BF4C-D39EC65D4DA4}.Debug|Any CPU.Build.0 = Debug|Any CPU
		{2A9D42D1-B720-452C-BF4C-D39EC65D4DA4}.Release|Any CPU.ActiveCfg = Release|Any CPU
		{2A9D42D1-B720-452C-BF4C-D39EC65D4DA4}.Release|Any CPU.Build.0 = Release|Any CPU
		{1D8DD2D4-A3F1-4806-835F-96AE2203DFDD}.Debug|Any CPU.ActiveCfg = Debug|Any CPU
		{1D8DD2D4-A3F1-4806-835F-96AE2203DFDD}.Debug|Any CPU.Build.0 = Debug|Any CPU
		{1D8DD2D4-A3F1-4806-835F-96AE2203DFDD}.Release|Any CPU.ActiveCfg = Release|Any CPU
		{1D8DD2D4-A3F1-4806-835F-96AE2203DFDD}.Release|Any CPU.Build.0 = Release|Any CPU
		{76DEDF93-D488-4E58-80FA-90F57EBB5CFD}.Debug|Any CPU.ActiveCfg = Debug|Any CPU
		{76DEDF93-D488-4E58-80FA-90F57EBB5CFD}.Debug|Any CPU.Build.0 = Debug|Any CPU
		{76DEDF93-D488-4E58-80FA-90F57EBB5CFD}.Release|Any CPU.ActiveCfg = Release|Any CPU
		{76DEDF93-D488-4E58-80FA-90F57EBB5CFD}.Release|Any CPU.Build.0 = Release|Any CPU
		{FDDFCB33-CAC0-483E-A718-CBE9B9652F77}.Debug|Any CPU.ActiveCfg = Debug|Any CPU
		{FDDFCB33-CAC0-483E-A718-CBE9B9652F77}.Debug|Any CPU.Build.0 = Debug|Any CPU
		{FDDFCB33-CAC0-483E-A718-CBE9B9652F77}.Release|Any CPU.ActiveCfg = Release|Any CPU
		{FDDFCB33-CAC0-483E-A718-CBE9B9652F77}.Release|Any CPU.Build.0 = Release|Any CPU
		{EFFC0E21-B145-4AA6-9A2F-B5B45C4D9925}.Debug|Any CPU.ActiveCfg = Debug|Any CPU
		{EFFC0E21-B145-4AA6-9A2F-B5B45C4D9925}.Debug|Any CPU.Build.0 = Debug|Any CPU
		{EFFC0E21-B145-4AA6-9A2F-B5B45C4D9925}.Release|Any CPU.ActiveCfg = Release|Any CPU
		{EFFC0E21-B145-4AA6-9A2F-B5B45C4D9925}.Release|Any CPU.Build.0 = Release|Any CPU
		{9ACA870A-B811-4D11-932F-2BDB2A7A86ED}.Debug|Any CPU.ActiveCfg = Debug|Any CPU
		{9ACA870A-B811-4D11-932F-2BDB2A7A86ED}.Debug|Any CPU.Build.0 = Debug|Any CPU
		{9ACA870A-B811-4D11-932F-2BDB2A7A86ED}.Release|Any CPU.ActiveCfg = Release|Any CPU
		{9ACA870A-B811-4D11-932F-2BDB2A7A86ED}.Release|Any CPU.Build.0 = Release|Any CPU
		{2ACD420B-31D8-421F-B8DB-DFB842637302}.Debug|Any CPU.ActiveCfg = Debug|Any CPU
		{2ACD420B-31D8-421F-B8DB-DFB842637302}.Debug|Any CPU.Build.0 = Debug|Any CPU
		{2ACD420B-31D8-421F-B8DB-DFB842637302}.Release|Any CPU.ActiveCfg = Release|Any CPU
		{2ACD420B-31D8-421F-B8DB-DFB842637302}.Release|Any CPU.Build.0 = Release|Any CPU
	EndGlobalSection
EndGlobal
